{
  "name": "memo",
  "lockfileVersion": 2,
  "requires": true,
  "packages": {
    "": {
      "dependencies": {
        "node-ansi": "^1.3.0"
      }
    },
    "node_modules/node-ansi": {
      "version": "1.3.0",
      "resolved": "https://registry.npmjs.org/node-ansi/-/node-ansi-1.3.0.tgz",
      "integrity": "sha1-r91IvQnRLK6tiyz4gXl62fR0alo="
    }
  },
  "dependencies": {
    "node-ansi": {
      "version": "1.3.0",
      "resolved": "https://registry.npmjs.org/node-ansi/-/node-ansi-1.3.0.tgz",
      "integrity": "sha1-r91IvQnRLK6tiyz4gXl62fR0alo="
    }
  }
}
